
Microsoft Visual Studio Solution File, Format Version 12.00
# Visual Studio Version 16
VisualStudioVersion = 16.0.29911.84
MinimumVisualStudioVersion = 10.0.40219.1
Project("{9A19103F-16F7-4668-BE54-9A1E7A4F7556}") = "Shared.Common", "Common\Shared.Common.csproj", "{038242CD-B8CF-41F9-9626-D046CCD34474}"
EndProject
Project("{9A19103F-16F7-4668-BE54-9A1E7A4F7556}") = "ASP.NET Core3.x MVC Demo", "ASP.NET Core3.x MVC Demo\ASP.NET Core3.x MVC Demo.csproj", "{F9130F98-95E3-4F52-90AC-04BAA358A7DB}"
EndProject
Project("{9A19103F-16F7-4668-BE54-9A1E7A4F7556}") = "ASP.NET Core3.x WebApi Demo", "ASP.NET Core3.x WebApi Demo\ASP.NET Core3.x WebApi Demo.csproj", "{8C91B906-0757-4283-8A74-F31BEBC02B5E}"
EndProject
Project("{9A19103F-16F7-4668-BE54-9A1E7A4F7556}") = "Demo.Dto", "Demo.Dto\Demo.Dto.csproj", "{E0605B83-9208-4043-B07A-F63D9B92D954}"
EndProject
Global
	GlobalSection(SolutionConfigurationPlatforms) = preSolution
		Debug|Any CPU = Debug|Any CPU
		Release|Any CPU = Release|Any CPU
	EndGlobalSection
	GlobalSection(ProjectConfigurationPlatforms) = postSolution
		{038242CD-B8CF-41F9-9626-D046CCD34474}.Debug|Any CPU.ActiveCfg = Debug|Any CPU
		{038242CD-B8CF-41F9-9626-D046CCD34474}.Debug|Any CPU.Build.0 = Debug|Any CPU
		{038242CD-B8CF-41F9-9626-D046CCD34474}.Release|Any CPU.ActiveCfg = Release|Any CPU
		{038242CD-B8CF-41F9-9626-D046CCD34474}.Release|Any CPU.Build.0 = Release|Any CPU
		{F9130F98-95E3-4F52-90AC-04BAA358A7DB}.Debug|Any CPU.ActiveCfg = Debug|Any CPU
		{F9130F98-95E3-4F52-90AC-04BAA358A7DB}.Debug|Any CPU.Build.0 = Debug|Any CPU
		{F9130F98-95E3-4F52-90AC-04BAA358A7DB}.Release|Any CPU.ActiveCfg = Release|Any CPU
		{F9130F98-95E3-4F52-90AC-04BAA358A7DB}.Release|Any CPU.Build.0 = Release|Any CPU
		{8C91B906-0757-4283-8A74-F31BEBC02B5E}.Debug|Any CPU.ActiveCfg = Debug|Any CPU
		{8C91B906-0757-4283-8A74-F31BEBC02B5E}.Debug|Any CPU.Build.0 = Debug|Any CPU
		{8C91B906-0757-4283-8A74-F31BEBC02B5E}.Release|Any CPU.ActiveCfg = Release|Any CPU
		{8C91B906-0757-4283-8A74-F31BEBC02B5E}.Release|Any CPU.Build.0 = Release|Any CPU
		{E0605B83-9208-4043-B07A-F63D9B92D954}.Debug|Any CPU.ActiveCfg = Debug|Any CPU
		{E0605B83-9208-4043-B07A-F63D9B92D954}.Debug|Any CPU.Build.0 = Debug|Any CPU
		{E0605B83-9208-4043-B07A-F63D9B92D954}.Release|Any CPU.ActiveCfg = Release|Any CPU
		{E0605B83-9208-4043-B07A-F63D9B92D954}.Release|Any CPU.Build.0 = Release|Any CPU
	EndGlobalSection
	GlobalSection(SolutionProperties) = preSolution
		HideSolutionNode = FALSE
	EndGlobalSection
	GlobalSection(ExtensibilityGlobals) = postSolution
		SolutionGuid = {485CFE0C-BB37-422A-A8DB-2CB2ECE2FDF4}
	EndGlobalSection
EndGlobal
